
Microsoft Visual Studio Solution File, Format Version 12.00
# Visual Studio Version 17
VisualStudioVersion = 17.14.36301.6
MinimumVisualStudioVersion = 10.0.40219.1
Project("{FAE04EC0-301F-11D3-BF4B-00C04F79EFBC}") = "SimpleSalesAPI", "SimpleSalesAPI\SimpleSalesAPI.csproj", "{574E47EB-5428-479C-BC61-D3973B7E23D1}"
EndProject
Project("{FAE04EC0-301F-11D3-BF4B-00C04F79EFBC}") = "SimpleSalesAPI.Application", "Application\SimpleSalesAPI.Application.csproj", "{C95856C3-6E09-4F20-8D0F-72090566E9D0}"
EndProject
Project("{FAE04EC0-301F-11D3-BF4B-00C04F79EFBC}") = "SimpleSalesAPI.Domain", "Domain\SimpleSalesAPI.Domain.csproj", "{851566DC-F1F7-404A-BA83-B8C31782A756}"
EndProject
Project("{FAE04EC0-301F-11D3-BF4B-00C04F79EFBC}") = "SimpleSalesAPI.Infrastructure", "Infrastructure\SimpleSalesAPI.Infrastructure.csproj", "{412660D2-D5CF-462E-BA4F-36F90E42CAF7}"
EndProject
Global
	GlobalSection(SolutionConfigurationPlatforms) = preSolution
		Debug|Any CPU = Debug|Any CPU
		Release|Any CPU = Release|Any CPU
	EndGlobalSection
	GlobalSection(ProjectConfigurationPlatforms) = postSolution
		{574E47EB-5428-479C-BC61-D3973B7E23D1}.Debug|Any CPU.ActiveCfg = Debug|Any CPU
		{574E47EB-5428-479C-BC61-D3973B7E23D1}.Debug|Any CPU.Build.0 = Debug|Any CPU
		{574E47EB-5428-479C-BC61-D3973B7E23D1}.Release|Any CPU.ActiveCfg = Release|Any CPU
		{574E47EB-5428-479C-BC61-D3973B7E23D1}.Release|Any CPU.Build.0 = Release|Any CPU
		{C95856C3-6E09-4F20-8D0F-72090566E9D0}.Debug|Any CPU.ActiveCfg = Debug|Any CPU
		{C95856C3-6E09-4F20-8D0F-72090566E9D0}.Debug|Any CPU.Build.0 = Debug|Any CPU
		{C95856C3-6E09-4F20-8D0F-72090566E9D0}.Release|Any CPU.ActiveCfg = Release|Any CPU
		{C95856C3-6E09-4F20-8D0F-72090566E9D0}.Release|Any CPU.Build.0 = Release|Any CPU
		{851566DC-F1F7-404A-BA83-B8C31782A756}.Debug|Any CPU.ActiveCfg = Debug|Any CPU
		{851566DC-F1F7-404A-BA83-B8C31782A756}.Debug|Any CPU.Build.0 = Debug|Any CPU
		{851566DC-F1F7-404A-BA83-B8C31782A756}.Release|Any CPU.ActiveCfg = Release|Any CPU
		{851566DC-F1F7-404A-BA83-B8C31782A756}.Release|Any CPU.Build.0 = Release|Any CPU
		{412660D2-D5CF-462E-BA4F-36F90E42CAF7}.Debug|Any CPU.ActiveCfg = Debug|Any CPU
		{412660D2-D5CF-462E-BA4F-36F90E42CAF7}.Debug|Any CPU.Build.0 = Debug|Any CPU
		{412660D2-D5CF-462E-BA4F-36F90E42CAF7}.Release|Any CPU.ActiveCfg = Release|Any CPU
		{412660D2-D5CF-462E-BA4F-36F90E42CAF7}.Release|Any CPU.Build.0 = Release|Any CPU
	EndGlobalSection
	GlobalSection(SolutionProperties) = preSolution
		HideSolutionNode = FALSE
	EndGlobalSection
	GlobalSection(ExtensibilityGlobals) = postSolution
		SolutionGuid = {7EFEEB3C-037F-4B93-A0F4-ACBD7FB0D669}
	EndGlobalSection
EndGlobal
