
Microsoft Visual Studio Solution File, Format Version 12.00
# Visual Studio Version 17
VisualStudioVersion = 17.14.36301.6 d17.14
MinimumVisualStudioVersion = 10.0.40219.1
Project("{FAE04EC0-301F-11D3-BF4B-00C04F79EFBC}") = "SimpleSalesAPI", "SimpleSalesAPI\SimpleSalesAPI.csproj", "{574E47EB-5428-479C-BC61-D3973B7E23D1}"
EndProject
Global
	GlobalSection(SolutionConfigurationPlatforms) = preSolution
		Debug|Any CPU = Debug|Any CPU
		Release|Any CPU = Release|Any CPU
	EndGlobalSection
	GlobalSection(ProjectConfigurationPlatforms) = postSolution
		{574E47EB-5428-479C-BC61-D3973B7E23D1}.Debug|Any CPU.ActiveCfg = Debug|Any CPU
		{574E47EB-5428-479C-BC61-D3973B7E23D1}.Debug|Any CPU.Build.0 = Debug|Any CPU
		{574E47EB-5428-479C-BC61-D3973B7E23D1}.Release|Any CPU.ActiveCfg = Release|Any CPU
		{574E47EB-5428-479C-BC61-D3973B7E23D1}.Release|Any CPU.Build.0 = Release|Any CPU
	EndGlobalSection
	GlobalSection(SolutionProperties) = preSolution
		HideSolutionNode = FALSE
	EndGlobalSection
	GlobalSection(ExtensibilityGlobals) = postSolution
		SolutionGuid = {7EFEEB3C-037F-4B93-A0F4-ACBD7FB0D669}
	EndGlobalSection
EndGlobal
